
Microsoft Visual Studio Solution File, Format Version 12.00
Project("{FAE04EC0-301F-11D3-BF4B-00C04F79EFBC}") = "DrustveniDomoviAPI", "DrustveniDomoviAPI\DrustveniDomoviAPI.csproj", "{1DE8E2E1-59B4-445F-96CE-8E4D75348F90}"
EndProject
Global
	GlobalSection(SolutionConfigurationPlatforms) = preSolution
		Debug|Any CPU = Debug|Any CPU
		Release|Any CPU = Release|Any CPU
	EndGlobalSection
	GlobalSection(ProjectConfigurationPlatforms) = postSolution
		{1DE8E2E1-59B4-445F-96CE-8E4D75348F90}.Debug|Any CPU.ActiveCfg = Debug|Any CPU
		{1DE8E2E1-59B4-445F-96CE-8E4D75348F90}.Debug|Any CPU.Build.0 = Debug|Any CPU
		{1DE8E2E1-59B4-445F-96CE-8E4D75348F90}.Release|Any CPU.ActiveCfg = Release|Any CPU
		{1DE8E2E1-59B4-445F-96CE-8E4D75348F90}.Release|Any CPU.Build.0 = Release|Any CPU
	EndGlobalSection
EndGlobal
